
Microsoft Visual Studio Solution File, Format Version 12.00
Project("{FAE04EC0-301F-11D3-BF4B-00C04F79EFBC}") = "ToDo", "ToDo\ToDo.csproj", "{AB111810-B050-4E4A-95A6-29A0D84D3887}"
EndProject
Project("{2150E333-8FDC-42A3-9474-1A3956D46DE8}") = "Solution Items", "Solution Items", "{DD440C82-D940-4B92-8E70-3FC94D729729}"
	ProjectSection(SolutionItems) = preProject
		docker-compose.yml = docker-compose.yml
	EndProjectSection
EndProject
Global
	GlobalSection(SolutionConfigurationPlatforms) = preSolution
		Debug|Any CPU = Debug|Any CPU
		Release|Any CPU = Release|Any CPU
	EndGlobalSection
	GlobalSection(ProjectConfigurationPlatforms) = postSolution
		{AB111810-B050-4E4A-95A6-29A0D84D3887}.Debug|Any CPU.ActiveCfg = Debug|Any CPU
		{AB111810-B050-4E4A-95A6-29A0D84D3887}.Debug|Any CPU.Build.0 = Debug|Any CPU
		{AB111810-B050-4E4A-95A6-29A0D84D3887}.Release|Any CPU.ActiveCfg = Release|Any CPU
		{AB111810-B050-4E4A-95A6-29A0D84D3887}.Release|Any CPU.Build.0 = Release|Any CPU
	EndGlobalSection
EndGlobal
